{
  "nodes": {
    "fibrous": {
      "flake": false,
      "locked": {
        "lastModified": 1784662525,
        "narHash": "sha256-KJ1lluFrlPD0QbEZAOXL/r8JDlYmkQ8eAzFs7axWxP8=",
        "owner": "mbrea-c",
        "repo": "fibrous.nvim",
        "rev": "9dd33cb0720a18e7805302959eadd00ed75e3511",
        "type": "github"
      },
      "original": {
        "owner": "mbrea-c",
        "repo": "fibrous.nvim",
        "type": "github"
      }
    },
    "flash": {
      "flake": false,
      "locked": {
        "lastModified": 1783684366,
        "narHash": "sha256-1v2+iq4/TnJq37iiGedIKFf6PxlTHQac8RXECZ2HYdM=",
        "owner": "folke",
        "repo": "flash.nvim",
        "rev": "b6346946d10d07998efee029fb0f7a593806d0cd",
        "type": "github"
      },
      "original": {
        "owner": "folke",
        "repo": "flash.nvim",
        "type": "github"
      }
    },
    "nixpkgs": {
      "locked": {
        "lastModified": 1782723713,
        "narHash": "sha256-oPXCU/SSUokcGaJREHibG1CBX3+s/W7orDWQOZDsEeQ=",
        "owner": "NixOS",
        "repo": "nixpkgs",
        "rev": "b5aa0fbd538984f6e3d201be0005b4463d8b09f8",
        "type": "github"
      },
      "original": {
        "owner": "NixOS",
        "ref": "nixos-unstable",
        "repo": "nixpkgs",
        "type": "github"
      }
    },
    "nvim-wasm-core": {
      "inputs": {
        "nixpkgs": "nixpkgs"
      },
      "locked": {
        "lastModified": 1784404254,
        "narHash": "sha256-zd6SEs+tNW+7DG2MpDBIRpfFM7wO0a7DPpQEH9nauAg=",
        "owner": "mbrea-c",
        "repo": "nvim-wasm-core",
        "rev": "6dbc0980b12471ea08bce221c65a39e351a8e497",
        "type": "github"
      },
      "original": {
        "owner": "mbrea-c",
        "repo": "nvim-wasm-core",
        "type": "github"
      }
    },
    "root": {
      "inputs": {
        "fibrous": "fibrous",
        "flash": "flash",
        "nixpkgs": [
          "nvim-wasm-core",
          "nixpkgs"
        ],
        "nvim-wasm-core": "nvim-wasm-core"
      }
    }
  },
  "root": "root",
  "version": 7
}
