{
  "nodes": {
    "fibrous": {
      "flake": false,
      "locked": {
        "lastModified": 1783156953,
        "narHash": "sha256-2uvQdQy/YrL4ptIszHvck99PQGDXI63WgygJtdYT3zk=",
        "owner": "mbrea-c",
        "repo": "fibrous.nvim",
        "rev": "df48ffac606c2b76167495e2dbd664bde0c65169",
        "type": "github"
      },
      "original": {
        "owner": "mbrea-c",
        "repo": "fibrous.nvim",
        "type": "github"
      }
    },
    "nixpkgs": {
      "locked": {
        "lastModified": 1782723713,
        "narHash": "sha256-oPXCU/SSUokcGaJREHibG1CBX3+s/W7orDWQOZDsEeQ=",
        "owner": "NixOS",
        "repo": "nixpkgs",
        "rev": "b5aa0fbd538984f6e3d201be0005b4463d8b09f8",
        "type": "github"
      },
      "original": {
        "owner": "NixOS",
        "ref": "nixos-unstable",
        "repo": "nixpkgs",
        "type": "github"
      }
    },
    "nvim-wasm-core": {
      "inputs": {
        "nixpkgs": "nixpkgs"
      },
      "locked": {
        "lastModified": 1783156975,
        "narHash": "sha256-A6blf6WEwww0RRt3osVdFhizeaEnQynyBQjmmvMc+b8=",
        "owner": "mbrea-c",
        "repo": "nvim-wasm-core",
        "rev": "b1b4a0bd2c71e7aff5ca9922abc7624bfb6c94c9",
        "type": "github"
      },
      "original": {
        "owner": "mbrea-c",
        "repo": "nvim-wasm-core",
        "type": "github"
      }
    },
    "root": {
      "inputs": {
        "fibrous": "fibrous",
        "nixpkgs": [
          "nvim-wasm-core",
          "nixpkgs"
        ],
        "nvim-wasm-core": "nvim-wasm-core"
      }
    }
  },
  "root": "root",
  "version": 7
}
