{
  "nodes": {
    "fibrous": {
      "flake": false,
      "locked": {
        "lastModified": 1783139183,
        "narHash": "sha256-stvsq1M8X759fJ+ba5oZWEesPZeYQXNFSdFQ3lDps/Q=",
        "owner": "mbrea-c",
        "repo": "fibrous.nvim",
        "rev": "4fbfdd57f3eaa1cee2ecd14e804dc363f9c80855",
        "type": "github"
      },
      "original": {
        "owner": "mbrea-c",
        "repo": "fibrous.nvim",
        "type": "github"
      }
    },
    "nixpkgs": {
      "locked": {
        "lastModified": 1782723713,
        "narHash": "sha256-oPXCU/SSUokcGaJREHibG1CBX3+s/W7orDWQOZDsEeQ=",
        "owner": "NixOS",
        "repo": "nixpkgs",
        "rev": "b5aa0fbd538984f6e3d201be0005b4463d8b09f8",
        "type": "github"
      },
      "original": {
        "owner": "NixOS",
        "ref": "nixos-unstable",
        "repo": "nixpkgs",
        "type": "github"
      }
    },
    "nvim-wasm-core": {
      "inputs": {
        "nixpkgs": "nixpkgs"
      },
      "locked": {
        "lastModified": 1783116155,
        "narHash": "sha256-EkBorUAs5JxAawy0yzNrThFaEbV0aWdB3j9C5v3+0Sc=",
        "owner": "mbrea-c",
        "repo": "nvim-wasm-core",
        "rev": "8f20cfca38c8275baa224d0024c1a4de32ca1bc9",
        "type": "github"
      },
      "original": {
        "owner": "mbrea-c",
        "repo": "nvim-wasm-core",
        "type": "github"
      }
    },
    "root": {
      "inputs": {
        "fibrous": "fibrous",
        "nixpkgs": [
          "nvim-wasm-core",
          "nixpkgs"
        ],
        "nvim-wasm-core": "nvim-wasm-core"
      }
    }
  },
  "root": "root",
  "version": 7
}
